#MicroXplorer Configuration settings - do not modify
ADC1.Channel-59\#ChannelRegularConversion=ADC_CHANNEL_2
ADC1.IPParameters=Rank-59\#ChannelRegularConversion,master,Channel-59\#ChannelRegularConversion,SingleDiff-59\#ChannelRegularConversion,SamplingTime-59\#ChannelRegularConversion,OffsetNumber-59\#ChannelRegularConversion,OffsetSignedSaturation-59\#ChannelRegularConversion,NbrOfConversionFlag
ADC1.NbrOfConversionFlag=1
ADC1.OffsetNumber-59\#ChannelRegularConversion=ADC_OFFSET_NONE
ADC1.OffsetSignedSaturation-59\#ChannelRegularConversion=DISABLE
ADC1.Rank-59\#ChannelRegularConversion=1
ADC1.SamplingTime-59\#ChannelRegularConversion=ADC_SAMPLETIME_1CYCLE_5
ADC1.SingleDiff-59\#ChannelRegularConversion=ADC_DIFFERENTIAL_ENDED
ADC1.master=1
ETH.IPParameters=MediaInterface
ETH.MediaInterface=HAL_ETH_RMII_MODE
File.Version=6
GPIO.groupedBy=Group By Peripherals
KeepUserPlacement=false
Mcu.Family=STM32H7
Mcu.IP0=ADC1
Mcu.IP1=CORTEX_M7
Mcu.IP10=LPTIM5
Mcu.IP11=NVIC
Mcu.IP12=QUADSPI
Mcu.IP13=RCC
Mcu.IP14=SPI1
Mcu.IP15=SPI2
Mcu.IP16=SPI3
Mcu.IP17=SPI4
Mcu.IP18=SPI5
Mcu.IP19=SPI6
Mcu.IP2=DEBUG
Mcu.IP20=SYS
Mcu.IP21=USART3
Mcu.IP22=USB_OTG_FS
Mcu.IP3=ETH
Mcu.IP4=HRTIM
Mcu.IP5=I2C1
Mcu.IP6=I2C2
Mcu.IP7=I2C4
Mcu.IP8=LPTIM1
Mcu.IP9=LPTIM2
Mcu.IPNb=23
Mcu.Name=STM32H743ZITx
Mcu.Package=LQFP144
Mcu.Pin0=PE2
Mcu.Pin1=PE3
Mcu.Pin10=PF9
Mcu.Pin11=PF10
Mcu.Pin12=PH0-OSC_IN (PH0)
Mcu.Pin13=PH1-OSC_OUT (PH1)
Mcu.Pin14=PC1
Mcu.Pin15=PC2_C
Mcu.Pin16=PC3_C
Mcu.Pin17=PA1
Mcu.Pin18=PA2
Mcu.Pin19=PA4
Mcu.Pin2=PE4
Mcu.Pin20=PA5
Mcu.Pin21=PA6
Mcu.Pin22=PA7
Mcu.Pin23=PC4
Mcu.Pin24=PC5
Mcu.Pin25=PB2
Mcu.Pin26=PF11
Mcu.Pin27=PF12
Mcu.Pin28=PF14
Mcu.Pin29=PE7
Mcu.Pin3=PE5
Mcu.Pin30=PE8
Mcu.Pin31=PE9
Mcu.Pin32=PE10
Mcu.Pin33=PB10
Mcu.Pin34=PB11
Mcu.Pin35=PB12
Mcu.Pin36=PB13
Mcu.Pin37=PD9
Mcu.Pin38=PD13
Mcu.Pin39=PG6
Mcu.Pin4=PE6
Mcu.Pin40=PG7
Mcu.Pin41=PG8
Mcu.Pin42=PC9
Mcu.Pin43=PA9
Mcu.Pin44=PA11
Mcu.Pin45=PA12
Mcu.Pin46=PA13 (JTMS/SWDIO)
Mcu.Pin47=PA14 (JTCK/SWCLK)
Mcu.Pin48=PA15 (JTDI)
Mcu.Pin49=PC10
Mcu.Pin5=PF0
Mcu.Pin50=PC11
Mcu.Pin51=PD3
Mcu.Pin52=PD7
Mcu.Pin53=PG9
Mcu.Pin54=PG10
Mcu.Pin55=PG11
Mcu.Pin56=PG13
Mcu.Pin57=PG14
Mcu.Pin58=PB3 (JTDO/TRACESWO)
Mcu.Pin59=PB4 (NJTRST)
Mcu.Pin6=PF1
Mcu.Pin60=PB7
Mcu.Pin61=PB8
Mcu.Pin62=VP_LPTIM1_VS_LPTIM_counterModeInternalClock
Mcu.Pin63=VP_LPTIM2_VS_LPTIM_counterModeInternalClock
Mcu.Pin64=VP_LPTIM5_VS_LPTIM_counterModeInternalClock
Mcu.Pin65=VP_SYS_VS_Systick
Mcu.Pin7=PF6
Mcu.Pin8=PF7
Mcu.Pin9=PF8
Mcu.PinsNb=66
Mcu.ThirdPartyNb=0
Mcu.UserConstants=
Mcu.UserName=STM32H743ZITx
MxCube.Version=6.0.1
MxDb.Version=DB.6.0.0
NVIC.BusFault_IRQn=true\:0\:0\:false\:false\:true\:false\:false
NVIC.DebugMonitor_IRQn=true\:0\:0\:false\:false\:true\:false\:false
NVIC.ForceEnableDMAVector=true
NVIC.HardFault_IRQn=true\:0\:0\:false\:false\:true\:false\:false
NVIC.MemoryManagement_IRQn=true\:0\:0\:false\:false\:true\:false\:false
NVIC.NonMaskableInt_IRQn=true\:0\:0\:false\:false\:true\:false\:false
NVIC.PendSV_IRQn=true\:0\:0\:false\:false\:true\:false\:false
NVIC.PriorityGroup=NVIC_PRIORITYGROUP_4
NVIC.SVCall_IRQn=true\:0\:0\:false\:false\:true\:false\:false
NVIC.SysTick_IRQn=true\:0\:0\:false\:false\:true\:false\:true
NVIC.UsageFault_IRQn=true\:0\:0\:false\:false\:true\:false\:false
PA1.Mode=RMII
PA1.Signal=ETH_REF_CLK
PA11.Mode=Device_Only
PA11.Signal=USB_OTG_FS_DM
PA12.Mode=Device_Only
PA12.Signal=USB_OTG_FS_DP
PA13\ (JTMS/SWDIO).Mode=JTAG_4_pins
PA13\ (JTMS/SWDIO).Signal=DEBUG_JTMS-SWDIO
PA14\ (JTCK/SWCLK).Mode=JTAG_4_pins
PA14\ (JTCK/SWCLK).Signal=DEBUG_JTCK-SWCLK
PA15\ (JTDI).Mode=JTAG_4_pins
PA15\ (JTDI).Signal=DEBUG_JTDI
PA2.Mode=RMII
PA2.Signal=ETH_MDIO
PA4.Mode=NSS_Signal_Hard_Output
PA4.Signal=SPI3_NSS
PA5.Mode=Full_Duplex_Slave
PA5.Signal=SPI6_SCK
PA6.Mode=Full_Duplex_Slave
PA6.Signal=SPI6_MISO
PA7.Mode=RMII
PA7.Signal=ETH_CRS_DV
PA9.Mode=Activate_VBUS
PA9.Signal=USB_OTG_FS_VBUS
PB10.Mode=Asynchronous
PB10.Signal=USART3_TX
PB11.Mode=RMII
PB11.Signal=ETH_TX_EN
PB12.Mode=NSS_Signal_Hard_Output
PB12.Signal=SPI2_NSS
PB13.Mode=RMII
PB13.Signal=ETH_TXD1
PB2.Mode=Full_Duplex_Master
PB2.Signal=SPI3_MOSI
PB3\ (JTDO/TRACESWO).Mode=JTAG_4_pins
PB3\ (JTDO/TRACESWO).Signal=DEBUG_JTDO-SWO
PB4\ (NJTRST).Mode=Full_Duplex_Master
PB4\ (NJTRST).Signal=SPI3_MISO
PB7.Mode=I2C
PB7.Signal=I2C1_SDA
PB8.Locked=true
PB8.Mode=I2C
PB8.Signal=I2C1_SCL
PC1.Mode=RMII
PC1.Signal=ETH_MDC
PC10.Mode=Full_Duplex_Master
PC10.Signal=SPI3_SCK
PC11.Mode=Single Bank 2
PC11.Signal=QUADSPI_BK2_NCS
PC2_C.Mode=Full_Duplex_Master
PC2_C.Signal=SPI2_MISO
PC3_C.Mode=Full_Duplex_Master
PC3_C.Signal=SPI2_MOSI
PC4.Mode=RMII
PC4.Signal=ETH_RXD0
PC5.Mode=RMII
PC5.Signal=ETH_RXD1
PC9.Mode=Clock-out-2
PC9.Signal=RCC_MCO_2
PD13.Locked=true
PD13.Mode=I2C
PD13.Signal=I2C4_SDA
PD3.Mode=Full_Duplex_Master
PD3.Signal=SPI2_SCK
PD7.Mode=Full_Duplex_Master
PD7.Signal=SPI1_MOSI
PD9.Mode=Asynchronous
PD9.Signal=USART3_RX
PE10.Mode=Single Bank 2
PE10.Signal=QUADSPI_BK2_IO3
PE2.Mode=Full_Duplex_Master
PE2.Signal=SPI4_SCK
PE3.Locked=true
PE3.Signal=GPIO_Output
PE4.Mode=NSS_Signal_Hard_Output
PE4.Signal=SPI4_NSS
PE5.Mode=Full_Duplex_Master
PE5.Signal=SPI4_MISO
PE6.Mode=Full_Duplex_Master
PE6.Signal=SPI4_MOSI
PE7.Mode=Single Bank 2
PE7.Signal=QUADSPI_BK2_IO0
PE8.Mode=Single Bank 2
PE8.Signal=QUADSPI_BK2_IO1
PE9.Mode=Single Bank 2
PE9.Signal=QUADSPI_BK2_IO2
PF0.Mode=I2C
PF0.Signal=I2C2_SDA
PF1.Mode=I2C
PF1.Signal=I2C2_SCL
PF10.Mode=Single Bank 2
PF10.Signal=QUADSPI_CLK
PF11.Mode=IN2-Differential
PF11.Signal=ADC1_INP2
PF12.Mode=IN2-Differential
PF12.Signal=ADC1_INN2
PF14.Mode=I2C
PF14.Signal=I2C4_SCL
PF6.Mode=NSS_Signal_Hard_Output
PF6.Signal=SPI5_NSS
PF7.Mode=Full_Duplex_Master
PF7.Signal=SPI5_SCK
PF8.Mode=Full_Duplex_Master
PF8.Signal=SPI5_MISO
PF9.Mode=Full_Duplex_Master
PF9.Signal=SPI5_MOSI
PG10.Mode=NSS_Signal_Hard_Output
PG10.Signal=SPI1_NSS
PG11.Mode=Full_Duplex_Master
PG11.Signal=SPI1_SCK
PG13.Mode=RMII
PG13.Signal=ETH_TXD0
PG14.Mode=Full_Duplex_Slave
PG14.Signal=SPI6_MOSI
PG6.Mode=Output_TE1TE2
PG6.Signal=HRTIM_CHE1
PG7.Mode=Output_TE1TE2
PG7.Signal=HRTIM_CHE2
PG8.Mode=NSS_Signal_Hard_Input
PG8.Signal=SPI6_NSS
PG9.Mode=Full_Duplex_Master
PG9.Signal=SPI1_MISO
PH0-OSC_IN\ (PH0).Mode=HSE-External-Oscillator
PH0-OSC_IN\ (PH0).Signal=RCC_OSC_IN
PH1-OSC_OUT\ (PH1).Mode=HSE-External-Oscillator
PH1-OSC_OUT\ (PH1).Signal=RCC_OSC_OUT
PinOutPanel.RotationAngle=0
ProjectManager.AskForMigrate=true
ProjectManager.BackupPrevious=false
ProjectManager.CompilerOptimize=6
ProjectManager.ComputerToolchain=false
ProjectManager.CoupleFile=false
ProjectManager.CustomerFirmwarePackage=
ProjectManager.DefaultFWLocation=true
ProjectManager.DeletePrevious=true
ProjectManager.DeviceId=STM32H743ZITx
ProjectManager.FirmwarePackage=STM32Cube FW_H7 V1.3.2
ProjectManager.FreePins=false
ProjectManager.HalAssertFull=false
ProjectManager.HeapSize=0x200
ProjectManager.KeepUserCode=true
ProjectManager.LastFirmware=true
ProjectManager.LibraryCopy=0
ProjectManager.MainLocation=Src
ProjectManager.NoMain=false
ProjectManager.PreviousToolchain=
ProjectManager.ProjectBuild=false
ProjectManager.ProjectFileName=STM_System_Board.ioc
ProjectManager.ProjectName=STM_System_Board
ProjectManager.RegisterCallBack=
ProjectManager.StackSize=0x400
ProjectManager.TargetToolchain=EWARM V8
ProjectManager.ToolChainLocation=
ProjectManager.UnderRoot=false
ProjectManager.functionlistsort=1-MX_GPIO_Init-GPIO-false-HAL-true,2-SystemClock_Config-RCC-false-HAL-false,3-MX_ADC1_Init-ADC1-false-HAL-true,4-MX_ADC2_Init-ADC2-false-HAL-true,5-MX_ADC3_Init-ADC3-false-HAL-true,6-MX_DAC1_Init-DAC1-false-HAL-true,7-MX_ETH_Init-ETH-false-HAL-true,8-MX_HRTIM_Init-HRTIM-false-HAL-true,9-MX_I2C1_Init-I2C1-false-HAL-true,10-MX_I2C2_Init-I2C2-false-HAL-true,11-MX_LPTIM1_Init-LPTIM1-false-HAL-true,12-MX_LPTIM2_Init-LPTIM2-false-HAL-true,13-MX_LPTIM5_Init-LPTIM5-false-HAL-true,14-MX_QUADSPI_Init-QUADSPI-false-HAL-true,15-MX_SPI1_Init-SPI1-false-HAL-true,16-MX_SPI2_Init-SPI2-false-HAL-true,17-MX_SPI3_Init-SPI3-false-HAL-true,18-MX_SPI4_Init-SPI4-false-HAL-true,19-MX_SPI5_Init-SPI5-false-HAL-true,20-MX_SPI6_Init-SPI6-false-HAL-true,21-MX_UART4_Init-UART4-false-HAL-true,22-MX_USART3_UART_Init-USART3-false-HAL-true,23-MX_USB_OTG_FS_PCD_Init-USB_OTG_FS-false-HAL-true,0-MX_CORTEX_M7_Init-CORTEX_M7-false-HAL-true
RCC.ADCFreq_Value=129000000
RCC.AHB12Freq_Value=64000000
RCC.AHB4Freq_Value=64000000
RCC.APB1Freq_Value=64000000
RCC.APB2Freq_Value=64000000
RCC.APB3Freq_Value=64000000
RCC.APB4Freq_Value=64000000
RCC.AXIClockFreq_Value=64000000
RCC.CECFreq_Value=32000
RCC.CKPERFreq_Value=64000000
RCC.CortexFreq_Value=64000000
RCC.CpuClockFreq_Value=64000000
RCC.D1CPREFreq_Value=64000000
RCC.DFSDMACLkFreq_Value=129000000
RCC.DFSDMFreq_Value=64000000
RCC.DIVP1Freq_Value=129000000
RCC.DIVP2Freq_Value=129000000
RCC.DIVP3Freq_Value=129000000
RCC.DIVQ1Freq_Value=129000000
RCC.DIVQ2Freq_Value=129000000
RCC.DIVQ3Freq_Value=129000000
RCC.DIVR1Freq_Value=129000000
RCC.DIVR2Freq_Value=129000000
RCC.DIVR3Freq_Value=129000000
RCC.FDCANFreq_Value=129000000
RCC.FMCFreq_Value=64000000
RCC.FamilyName=M
RCC.HCLK3ClockFreq_Value=64000000
RCC.HCLKFreq_Value=64000000
RCC.HRTIMFreq_Value=64000000
RCC.I2C123Freq_Value=64000000
RCC.I2C4Freq_Value=64000000
RCC.IPParameters=ADCFreq_Value,AHB12Freq_Value,AHB4Freq_Value,APB1Freq_Value,APB2Freq_Value,APB3Freq_Value,APB4Freq_Value,AXIClockFreq_Value,CECFreq_Value,CKPERFreq_Value,CortexFreq_Value,CpuClockFreq_Value,D1CPREFreq_Value,DFSDMACLkFreq_Value,DFSDMFreq_Value,DIVP1Freq_Value,DIVP2Freq_Value,DIVP3Freq_Value,DIVQ1Freq_Value,DIVQ2Freq_Value,DIVQ3Freq_Value,DIVR1Freq_Value,DIVR2Freq_Value,DIVR3Freq_Value,FDCANFreq_Value,FMCFreq_Value,FamilyName,HCLK3ClockFreq_Value,HCLKFreq_Value,HRTIMFreq_Value,I2C123Freq_Value,I2C4Freq_Value,LPTIM1Freq_Value,LPTIM2Freq_Value,LPTIM345Freq_Value,LPUART1Freq_Value,LTDCFreq_Value,MCO1PinFreq_Value,MCO2PinFreq_Value,PWR_Regulator_Voltage_Scale,QSPIFreq_Value,RNGFreq_Value,RTCFreq_Value,SAI1Freq_Value,SAI23Freq_Value,SAI4AFreq_Value,SAI4BFreq_Value,SDMMCFreq_Value,SPDIFRXFreq_Value,SPI123Freq_Value,SPI45Freq_Value,SPI6Freq_Value,SWPMI1Freq_Value,SYSCLKFreq_VALUE,Tim1OutputFreq_Value,Tim2OutputFreq_Value,TraceFreq_Value,USART16Freq_Value,USART234578Freq_Value,USBCLockSelection,USBFreq_Value,VCO1OutputFreq_Value,VCO2OutputFreq_Value,VCO3OutputFreq_Value,VCOInput1Freq_Value,VCOInput2Freq_Value,VCOInput3Freq_Value
RCC.LPTIM1Freq_Value=64000000
RCC.LPTIM2Freq_Value=64000000
RCC.LPTIM345Freq_Value=64000000
RCC.LPUART1Freq_Value=64000000
RCC.LTDCFreq_Value=129000000
RCC.MCO1PinFreq_Value=64000000
RCC.MCO2PinFreq_Value=64000000
RCC.PWR_Regulator_Voltage_Scale=PWR_REGULATOR_VOLTAGE_SCALE1
RCC.QSPIFreq_Value=64000000
RCC.RNGFreq_Value=48000000
RCC.RTCFreq_Value=32000
RCC.SAI1Freq_Value=129000000
RCC.SAI23Freq_Value=129000000
RCC.SAI4AFreq_Value=129000000
RCC.SAI4BFreq_Value=129000000
RCC.SDMMCFreq_Value=129000000
RCC.SPDIFRXFreq_Value=129000000
RCC.SPI123Freq_Value=129000000
RCC.SPI45Freq_Value=64000000
RCC.SPI6Freq_Value=64000000
RCC.SWPMI1Freq_Value=64000000
RCC.SYSCLKFreq_VALUE=64000000
RCC.Tim1OutputFreq_Value=64000000
RCC.Tim2OutputFreq_Value=64000000
RCC.TraceFreq_Value=64000000
RCC.USART16Freq_Value=64000000
RCC.USART234578Freq_Value=64000000
RCC.USBCLockSelection=RCC_USBCLKSOURCE_HSI48
RCC.USBFreq_Value=48000000
RCC.VCO1OutputFreq_Value=258000000
RCC.VCO2OutputFreq_Value=258000000
RCC.VCO3OutputFreq_Value=258000000
RCC.VCOInput1Freq_Value=2000000
RCC.VCOInput2Freq_Value=2000000
RCC.VCOInput3Freq_Value=2000000
SPI1.CalculateBaudRate=64.5 MBits/s
SPI1.Direction=SPI_DIRECTION_2LINES
SPI1.IPParameters=VirtualType,Mode,Direction,CalculateBaudRate,VirtualNSS
SPI1.Mode=SPI_MODE_MASTER
SPI1.VirtualNSS=VM_NSSHARD
SPI1.VirtualType=VM_MASTER
SPI2.CalculateBaudRate=64.5 MBits/s
SPI2.Direction=SPI_DIRECTION_2LINES
SPI2.IPParameters=VirtualType,Mode,Direction,CalculateBaudRate,VirtualNSS
SPI2.Mode=SPI_MODE_MASTER
SPI2.VirtualNSS=VM_NSSHARD
SPI2.VirtualType=VM_MASTER
SPI3.CalculateBaudRate=64.5 MBits/s
SPI3.Direction=SPI_DIRECTION_2LINES
SPI3.IPParameters=VirtualType,Mode,Direction,CalculateBaudRate,VirtualNSS
SPI3.Mode=SPI_MODE_MASTER
SPI3.VirtualNSS=VM_NSSHARD
SPI3.VirtualType=VM_MASTER
SPI4.CalculateBaudRate=32.0 MBits/s
SPI4.Direction=SPI_DIRECTION_2LINES
SPI4.IPParameters=VirtualType,Mode,Direction,CalculateBaudRate,VirtualNSS
SPI4.Mode=SPI_MODE_MASTER
SPI4.VirtualNSS=VM_NSSHARD
SPI4.VirtualType=VM_MASTER
SPI5.CalculateBaudRate=32.0 MBits/s
SPI5.Direction=SPI_DIRECTION_2LINES
SPI5.IPParameters=VirtualType,Mode,Direction,VirtualNSS,CalculateBaudRate
SPI5.Mode=SPI_MODE_MASTER
SPI5.VirtualNSS=VM_NSSHARD
SPI5.VirtualType=VM_MASTER
SPI6.Direction=SPI_DIRECTION_2LINES
SPI6.IPParameters=VirtualType,Mode,Direction,VirtualNSS
SPI6.Mode=SPI_MODE_SLAVE
SPI6.VirtualNSS=VM_NSSHARD
SPI6.VirtualType=VM_SLAVE
USART3.IPParameters=VirtualMode-Asynchronous
USART3.VirtualMode-Asynchronous=VM_ASYNC
USB_OTG_FS.IPParameters=VirtualMode
USB_OTG_FS.VirtualMode=Device_Only
VP_LPTIM1_VS_LPTIM_counterModeInternalClock.Mode=Counts__internal_clock_event_00
VP_LPTIM1_VS_LPTIM_counterModeInternalClock.Signal=LPTIM1_VS_LPTIM_counterModeInternalClock
VP_LPTIM2_VS_LPTIM_counterModeInternalClock.Mode=Counts__internal_clock_event_00
VP_LPTIM2_VS_LPTIM_counterModeInternalClock.Signal=LPTIM2_VS_LPTIM_counterModeInternalClock
VP_LPTIM5_VS_LPTIM_counterModeInternalClock.Mode=Counts__internal_clock_event_00
VP_LPTIM5_VS_LPTIM_counterModeInternalClock.Signal=LPTIM5_VS_LPTIM_counterModeInternalClock
VP_SYS_VS_Systick.Mode=SysTick
VP_SYS_VS_Systick.Signal=SYS_VS_Systick
board=custom
